
Microsoft Visual Studio Solution File, Format Version 12.00
# Visual Studio Version 16
VisualStudioVersion = 16.0.31410.357
MinimumVisualStudioVersion = 10.0.40219.1
Project("{FAE04EC0-301F-11D3-BF4B-00C04F79EFBC}") = "Pokemon", "Pokemon\Pokemon.csproj", "{2714CA9C-D7C2-40B1-B10A-4FA75E2F2B4B}"
EndProject
Global
	GlobalSection(SolutionConfigurationPlatforms) = preSolution
		Debug|Any CPU = Debug|Any CPU
		Release|Any CPU = Release|Any CPU
	EndGlobalSection
	GlobalSection(ProjectConfigurationPlatforms) = postSolution
		{2714CA9C-D7C2-40B1-B10A-4FA75E2F2B4B}.Debug|Any CPU.ActiveCfg = Debug|Any CPU
		{2714CA9C-D7C2-40B1-B10A-4FA75E2F2B4B}.Debug|Any CPU.Build.0 = Debug|Any CPU
		{2714CA9C-D7C2-40B1-B10A-4FA75E2F2B4B}.Release|Any CPU.ActiveCfg = Release|Any CPU
		{2714CA9C-D7C2-40B1-B10A-4FA75E2F2B4B}.Release|Any CPU.Build.0 = Release|Any CPU
	EndGlobalSection
	GlobalSection(SolutionProperties) = preSolution
		HideSolutionNode = FALSE
	EndGlobalSection
	GlobalSection(ExtensibilityGlobals) = postSolution
		SolutionGuid = {B06726A3-CE6A-44C3-80DD-F07E7DB94813}
	EndGlobalSection
EndGlobal
